
Microsoft Visual Studio Solution File, Format Version 12.00
# Visual Studio 14
VisualStudioVersion = 14.0.24720.0
MinimumVisualStudioVersion = 10.0.40219.1
Project("{FAE04EC0-301F-11D3-BF4B-00C04F79EFBC}") = "Client", "Client\Client.csproj", "{2EC837A8-ECFA-4D9C-B969-CDF54E2183A9}"
EndProject
Project("{FAE04EC0-301F-11D3-BF4B-00C04F79EFBC}") = "WebApi", "WebApi\WebApi.csproj", "{085C0D44-7674-4388-BBA9-D5EBE6AB603A}"
EndProject
Project("{FAE04EC0-301F-11D3-BF4B-00C04F79EFBC}") = "BusinessServices", "BusinessServices\BusinessServices.csproj", "{087DFDE8-B527-4BEB-8698-E58B2A0FD886}"
EndProject
Project("{FAE04EC0-301F-11D3-BF4B-00C04F79EFBC}") = "BusinessServicesTests", "BusinessServicesTests\BusinessServicesTests.csproj", "{7789FC66-74BC-4D71-ABB2-C8A2FEDCDF00}"
EndProject
Global
	GlobalSection(SolutionConfigurationPlatforms) = preSolution
		Debug|Any CPU = Debug|Any CPU
		Release|Any CPU = Release|Any CPU
	EndGlobalSection
	GlobalSection(ProjectConfigurationPlatforms) = postSolution
		{2EC837A8-ECFA-4D9C-B969-CDF54E2183A9}.Debug|Any CPU.ActiveCfg = Debug|Any CPU
		{2EC837A8-ECFA-4D9C-B969-CDF54E2183A9}.Debug|Any CPU.Build.0 = Debug|Any CPU
		{2EC837A8-ECFA-4D9C-B969-CDF54E2183A9}.Release|Any CPU.ActiveCfg = Release|Any CPU
		{2EC837A8-ECFA-4D9C-B969-CDF54E2183A9}.Release|Any CPU.Build.0 = Release|Any CPU
		{085C0D44-7674-4388-BBA9-D5EBE6AB603A}.Debug|Any CPU.ActiveCfg = Debug|Any CPU
		{085C0D44-7674-4388-BBA9-D5EBE6AB603A}.Debug|Any CPU.Build.0 = Debug|Any CPU
		{085C0D44-7674-4388-BBA9-D5EBE6AB603A}.Release|Any CPU.ActiveCfg = Release|Any CPU
		{085C0D44-7674-4388-BBA9-D5EBE6AB603A}.Release|Any CPU.Build.0 = Release|Any CPU
		{087DFDE8-B527-4BEB-8698-E58B2A0FD886}.Debug|Any CPU.ActiveCfg = Debug|Any CPU
		{087DFDE8-B527-4BEB-8698-E58B2A0FD886}.Debug|Any CPU.Build.0 = Debug|Any CPU
		{087DFDE8-B527-4BEB-8698-E58B2A0FD886}.Release|Any CPU.ActiveCfg = Release|Any CPU
		{087DFDE8-B527-4BEB-8698-E58B2A0FD886}.Release|Any CPU.Build.0 = Release|Any CPU
		{7789FC66-74BC-4D71-ABB2-C8A2FEDCDF00}.Debug|Any CPU.ActiveCfg = Debug|Any CPU
		{7789FC66-74BC-4D71-ABB2-C8A2FEDCDF00}.Debug|Any CPU.Build.0 = Debug|Any CPU
		{7789FC66-74BC-4D71-ABB2-C8A2FEDCDF00}.Release|Any CPU.ActiveCfg = Release|Any CPU
		{7789FC66-74BC-4D71-ABB2-C8A2FEDCDF00}.Release|Any CPU.Build.0 = Release|Any CPU
	EndGlobalSection
	GlobalSection(SolutionProperties) = preSolution
		HideSolutionNode = FALSE
	EndGlobalSection
EndGlobal
